// !$*UTF8*$!
{
	archiveVersion = 1;
	classes = {
	};
	objectVersion = 46;
	objects = {

/* Begin PBXBuildFile section */
		BED301981D84979100FC27AF /* main.m in Sources */ = {isa = PBXBuildFile; fileRef = BED301971D84979100FC27AF /* main.m */; };
		BED3019B1D84979100FC27AF /* AppDelegate.m in Sources */ = {isa = PBXBuildFile; fileRef = BED3019A1D84979100FC27AF /* AppDelegate.m */; };
		BED3019E1D84979100FC27AF /* ViewController.m in Sources */ = {isa = PBXBuildFile; fileRef = BED3019D1D84979100FC27AF /* ViewController.m */; };
		BED301A11D84979100FC27AF /* Main.storyboard in Resources */ = {isa = PBXBuildFile; fileRef = BED3019F1D84979100FC27AF /* Main.storyboard */; };
		BED301A31D84979100FC27AF /* Assets.xcassets in Resources */ = {isa = PBXBuildFile; fileRef = BED301A21D84979100FC27AF /* Assets.xcassets */; };
		BED301A61D84979100FC27AF /* LaunchScreen.storyboard in Resources */ = {isa = PBXBuildFile; fileRef = BED301A41D84979100FC27AF /* LaunchScreen.storyboard */; };
/* End PBXBuildFile section */

/* Begin PBXFileReference section */
		BED301931D84979100FC27AF /* PennAppsXIV.app */ = {isa = PBXFileReference; explicitFileType = wrapper.application; includeInIndex = 0; path = PennAppsXIV.app; sourceTree = BUILT_PRODUCTS_DIR; };
		BED301971D84979100FC27AF /* main.m */ = {isa = PBXFileReference; lastKnownFileType = sourcecode.c.objc; path = main.m; sourceTree = "<group>"; };
		BED301991D84979100FC27AF /* AppDelegate.h */ = {isa = PBXFileReference; lastKnownFileType = sourcecode.c.h; path = AppDelegate.h; sourceTree = "<group>"; };
		BED3019A1D84979100FC27AF /* AppDelegate.m */ = {isa = PBXFileReference; lastKnownFileType = sourcecode.c.objc; path = AppDelegate.m; sourceTree = "<group>"; };
		BED3019C1D84979100FC27AF /* ViewController.h */ = {isa = PBXFileReference; lastKnownFileType = sourcecode.c.h; path = ViewController.h; sourceTree = "<group>"; };
		BED3019D1D84979100FC27AF /* ViewController.m */ = {isa = PBXFileReference; lastKnownFileType = sourcecode.c.objc; path = ViewController.m; sourceTree = "<group>"; };
		BED301A01D84979100FC27AF /* Base */ = {isa = PBXFileReference; lastKnownFileType = file.storyboard; name = Base; path = Base.lproj/Main.storyboard; sourceTree = "<group>"; };
		BED301A21D84979100FC27AF /* Assets.xcassets */ = {isa = PBXFileReference; lastKnownFileType = folder.assetcatalog; path = Assets.xcassets; sourceTree = "<group>"; };
		BED301A51D84979100FC27AF /* Base */ = {isa = PBXFileReference; lastKnownFileType = file.storyboard; name = Base; path = Base.lproj/LaunchScreen.storyboard; sourceTree = "<group>"; };
		BED301A71D84979100FC27AF /* Info.plist */ = {isa = PBXFileReference; lastKnownFileType = text.plist.xml; path = Info.plist; sourceTree = "<group>"; };
/* End PBXFileReference section */

/* Begin PBXFrameworksBuildPhase section */
		BED301901D84979100FC27AF /* Frameworks */ = {
			isa = PBXFrameworksBuildPhase;
			buildActionMask = 2147483647;
			files = (
			);
			runOnlyForDeploymentPostprocessing = 0;
		};
/* End PBXFrameworksBuildPhase section */

/* Begin PBXGroup section */
		BED3018A1D84979100FC27AF = {
			isa = PBXGroup;
			children = (
				BED301951D84979100FC27AF /* PennAppsXIV */,
				BED301941D84979100FC27AF /* Products */,
			);
			sourceTree = "<group>";
		};
		BED301941D84979100FC27AF /* Products */ = {
			isa = PBXGroup;
			children = (
				BED301931D84979100FC27AF /* PennAppsXIV.app */,
			);
			name = Products;
			sourceTree = "<group>";
		};
		BED301951D84979100FC27AF /* PennAppsXIV */ = {
			isa = PBXGroup;
			children = (
				BED301991D84979100FC27AF /* AppDelegate.h */,
				BED3019A1D84979100FC27AF /* AppDelegate.m */,
				BED3019C1D84979100FC27AF /* ViewController.h */,
				BED3019D1D84979100FC27AF /* ViewController.m */,
				BED3019F1D84979100FC27AF /* Main.storyboard */,
				BED301A21D84979100FC27AF /* Assets.xcassets */,
				BED301A41D84979100FC27AF /* LaunchScreen.storyboard */,
				BED301A71D84979100FC27AF /* Info.plist */,
				BED301961D84979100FC27AF /* Supporting Files */,
			);
			path = PennAppsXIV;
			sourceTree = "<group>";
		};
		BED301961D84979100FC27AF /* Supporting Files */ = {
			isa = PBXGroup;
			children = (
				BED301971D84979100FC27AF /* main.m */,
			);
			name = "Supporting Files";
			sourceTree = "<group>";
		};
/* End PBXGroup section */

/* Begin PBXNativeTarget section */
		BED301921D84979100FC27AF /* PennAppsXIV */ = {
			isa = PBXNativeTarget;
			buildConfigurationList = BED301AA1D84979100FC27AF /* Build configuration list for PBXNativeTarget "PennAppsXIV" */;
			buildPhases = (
				BED3018F1D84979100FC27AF /* Sources */,
				BED301901D84979100FC27AF /* Frameworks */,
				BED301911D84979100FC27AF /* Resources */,
			);
			buildRules = (
			);
			dependencies = (
			);
			name = PennAppsXIV;
			productName = PennAppsXIV;
			productReference = BED301931D84979100FC27AF /* PennAppsXIV.app */;
			productType = "com.apple.product-type.application";
		};
/* End PBXNativeTarget section */

/* Begin PBXProject section */
		BED3018B1D84979100FC27AF /* Project object */ = {
			isa = PBXProject;
			attributes = {
				LastUpgradeCheck = 0800;
				ORGANIZATIONNAME = "Jason Scharff";
				TargetAttributes = {
					BED301921D84979100FC27AF = {
						CreatedOnToolsVersion = 8.0;
						DevelopmentTeam = 3R5J785EXT;
						ProvisioningStyle = Automatic;
					};
				};
			};
			buildConfigurationList = BED3018E1D84979100FC27AF /* Build configuration list for PBXProject "PennAppsXIV" */;
			compatibilityVersion = "Xcode 3.2";
			developmentRegion = English;
			hasScannedForEncodings = 0;
			knownRegions = (
				en,
				Base,
			);
			mainGroup = BED3018A1D84979100FC27AF;
			productRefGroup = BED301941D84979100FC27AF /* Products */;
			projectDirPath = "";
			projectRoot = "";
			targets = (
				BED301921D84979100FC27AF /* PennAppsXIV */,
			);
		};
/* End PBXProject section */

/* Begin PBXResourcesBuildPhase section */
		BED301911D84979100FC27AF /* Resources */ = {
			isa = PBXResourcesBuildPhase;
			buildActionMask = 2147483647;
			files = (
				BED301A61D84979100FC27AF /* LaunchScreen.storyboard in Resources */,
				BED301A31D84979100FC27AF /* Assets.xcassets in Resources */,
				BED301A11D84979100FC27AF /* Main.storyboard in Resources */,
			);
			runOnlyForDeploymentPostprocessing = 0;
		};
/* End PBXResourcesBuildPhase section */

/* Begin PBXSourcesBuildPhase section */
		BED3018F1D84979100FC27AF /* Sources */ = {
			isa = PBXSourcesBuildPhase;
			buildActionMask = 2147483647;
			files = (
				BED3019E1D84979100FC27AF /* ViewController.m in Sources */,
				BED3019B1D84979100FC27AF /* AppDelegate.m in Sources */,
				BED301981D84979100FC27AF /* main.m in Sources */,
			);
			runOnlyForDeploymentPostprocessing = 0;
		};
/* End PBXSourcesBuildPhase section */

/* Begin PBXVariantGroup section */
		BED3019F1D84979100FC27AF /* Main.storyboard */ = {
			isa = PBXVariantGroup;
			children = (
				BED301A01D84979100FC27AF /* Base */,
			);
			name = Main.storyboard;
			sourceTree = "<group>";
		};
		BED301A41D84979100FC27AF /* LaunchScreen.storyboard */ = {
			isa = PBXVariantGroup;
			children = (
				BED301A51D84979100FC27AF /* Base */,
			);
			name = LaunchScreen.storyboard;
			sourceTree = "<group>";
		};
/* End PBXVariantGroup section */

/* Begin XCBuildConfiguration section */
		BED301A81D84979100FC27AF /* Debug */ = {
			isa = XCBuildConfiguration;
			buildSettings = {
				ALWAYS_SEARCH_USER_PATHS = NO;
				CLANG_ANALYZER_NONNULL = YES;
				CLANG_CXX_LANGUAGE_STANDARD = "gnu++0x";
				CLANG_CXX_LIBRARY = "libc++";
				CLANG_ENABLE_MODULES = YES;
				CLANG_ENABLE_OBJC_ARC = YES;
				CLANG_WARN_BOOL_CONVERSION = YES;
				CLANG_WARN_CONSTANT_CONVERSION = YES;
				CLANG_WARN_DIRECT_OBJC_ISA_USAGE = YES_ERROR;
				CLANG_WARN_DOCUMENTATION_COMMENTS = YES;
				CLANG_WARN_EMPTY_BODY = YES;
				CLANG_WARN_ENUM_CONVERSION = YES;
				CLANG_WARN_INFINITE_RECURSION = YES;
				CLANG_WARN_INT_CONVERSION = YES;
				CLANG_WARN_OBJC_ROOT_CLASS = YES_ERROR;
				CLANG_WARN_SUSPICIOUS_MOVES = YES;
				CLANG_WARN_UNREACHABLE_CODE = YES;
				CLANG_WARN__DUPLICATE_METHOD_MATCH = YES;
				"CODE_SIGN_IDENTITY[sdk=iphoneos*]" = "iPhone Developer";
				COPY_PHASE_STRIP = NO;
				DEBUG_INFORMATION_FORMAT = dwarf;
				ENABLE_STRICT_OBJC_MSGSEND = YES;
				ENABLE_TESTABILITY = YES;
				GCC_C_LANGUAGE_STANDARD = gnu99;
				GCC_DYNAMIC_NO_PIC = NO;
				GCC_NO_COMMON_BLOCKS = YES;
				GCC_OPTIMIZATION_LEVEL = 0;
				GCC_PREPROCESSOR_DEFINITIONS = (
					"DEBUG=1",
					"$(inherited)",
				);
				GCC_WARN_64_TO_32_BIT_CONVERSION = YES;
				GCC_WARN_ABOUT_RETURN_TYPE = YES_ERROR;
				GCC_WARN_UNDECLARED_SELECTOR = YES;
				GCC_WARN_UNINITIALIZED_AUTOS = YES_AGGRESSIVE;
				GCC_WARN_UNUSED_FUNCTION = YES;
				GCC_WARN_UNUSED_VARIABLE = YES;
				IPHONEOS_DEPLOYMENT_TARGET = 10.0;
				MTL_ENABLE_DEBUG_INFO = YES;
				ONLY_ACTIVE_ARCH = YES;
				SDKROOT = iphoneos;
			};
			name = Debug;
		};
		BED301A91D84979100FC27AF /* Release */ = {
			isa = XCBuildConfiguration;
			buildSettings = {
				ALWAYS_SEARCH_USER_PATHS = NO;
				CLANG_ANALYZER_NONNULL = YES;
				CLANG_CXX_LANGUAGE_STANDARD = "gnu++0x";
				CLANG_CXX_LIBRARY = "libc++";
				CLANG_ENABLE_MODULES = YES;
				CLANG_ENABLE_OBJC_ARC = YES;
				CLANG_WARN_BOOL_CONVERSION = YES;
				CLANG_WARN_CONSTANT_CONVERSION = YES;
				CLANG_WARN_DIRECT_OBJC_ISA_USAGE = YES_ERROR;
				CLANG_WARN_DOCUMENTATION_COMMENTS = YES;
				CLANG_WARN_EMPTY_BODY = YES;
				CLANG_WARN_ENUM_CONVERSION = YES;
				CLANG_WARN_INFINITE_RECURSION = YES;
				CLANG_WARN_INT_CONVERSION = YES;
				CLANG_WARN_OBJC_ROOT_CLASS = YES_ERROR;
				CLANG_WARN_SUSPICIOUS_MOVES = YES;
				CLANG_WARN_UNREACHABLE_CODE = YES;
				CLANG_WARN__DUPLICATE_METHOD_MATCH = YES;
				"CODE_SIGN_IDENTITY[sdk=iphoneos*]" = "iPhone Developer";
				COPY_PHASE_STRIP = NO;
				DEBUG_INFORMATION_FORMAT = "dwarf-with-dsym";
				ENABLE_NS_ASSERTIONS = NO;
				ENABLE_STRICT_OBJC_MSGSEND = YES;
				GCC_C_LANGUAGE_STANDARD = gnu99;
				GCC_NO_COMMON_BLOCKS = YES;
				GCC_WARN_64_TO_32_BIT_CONVERSION = YES;
				GCC_WARN_ABOUT_RETURN_TYPE = YES_ERROR;
				GCC_WARN_UNDECLARED_SELECTOR = YES;
				GCC_WARN_UNINITIALIZED_AUTOS = YES_AGGRESSIVE;
				GCC_WARN_UNUSED_FUNCTION = YES;
				GCC_WARN_UNUSED_VARIABLE = YES;
				IPHONEOS_DEPLOYMENT_TARGET = 10.0;
				MTL_ENABLE_DEBUG_INFO = NO;
				SDKROOT = iphoneos;
				VALIDATE_PRODUCT = YES;
			};
			name = Release;
		};
		BED301AB1D84979100FC27AF /* Debug */ = {
			isa = XCBuildConfiguration;
			buildSettings = {
				ASSETCATALOG_COMPILER_APPICON_NAME = AppIcon;
				DEVELOPMENT_TEAM = 3R5J785EXT;
				INFOPLIST_FILE = PennAppsXIV/Info.plist;
				LD_RUNPATH_SEARCH_PATHS = "$(inherited) @executable_path/Frameworks";
				PRODUCT_BUNDLE_IDENTIFIER = com.jasonscharff.PennAppsXIV;
				PRODUCT_NAME = "$(TARGET_NAME)";
			};
			name = Debug;
		};
		BED301AC1D84979100FC27AF /* Release */ = {
			isa = XCBuildConfiguration;
			buildSettings = {
				ASSETCATALOG_COMPILER_APPICON_NAME = AppIcon;
				DEVELOPMENT_TEAM = 3R5J785EXT;
				INFOPLIST_FILE = PennAppsXIV/Info.plist;
				LD_RUNPATH_SEARCH_PATHS = "$(inherited) @executable_path/Frameworks";
				PRODUCT_BUNDLE_IDENTIFIER = com.jasonscharff.PennAppsXIV;
				PRODUCT_NAME = "$(TARGET_NAME)";
			};
			name = Release;
		};
/* End XCBuildConfiguration section */

/* Begin XCConfigurationList section */
		BED3018E1D84979100FC27AF /* Build configuration list for PBXProject "PennAppsXIV" */ = {
			isa = XCConfigurationList;
			buildConfigurations = (
				BED301A81D84979100FC27AF /* Debug */,
				BED301A91D84979100FC27AF /* Release */,
			);
			defaultConfigurationIsVisible = 0;
			defaultConfigurationName = Release;
		};
		BED301AA1D84979100FC27AF /* Build configuration list for PBXNativeTarget "PennAppsXIV" */ = {
			isa = XCConfigurationList;
			buildConfigurations = (
				BED301AB1D84979100FC27AF /* Debug */,
				BED301AC1D84979100FC27AF /* Release */,
			);
			defaultConfigurationIsVisible = 0;
		};
/* End XCConfigurationList section */
	};
	rootObject = BED3018B1D84979100FC27AF /* Project object */;
}
