// !$*UTF8*$!
{
	archiveVersion = 1;
	classes = {
	};
	objectVersion = 46;
	objects = {

/* Begin PBXBuildFile section */
		BE27A8DC1D849BE50094D1F2 /* NTEDisplayViewController.m in Sources */ = {isa = PBXBuildFile; fileRef = BE27A8DB1D849BE50094D1F2 /* NTEDisplayViewController.m */; };
		BE27A8E01D849C990094D1F2 /* NTEMarkdownRenderController.m in Sources */ = {isa = PBXBuildFile; fileRef = BE27A8DF1D849C990094D1F2 /* NTEMarkdownRenderController.m */; };
		BE27A8E41D849E230094D1F2 /* NTENote.m in Sources */ = {isa = PBXBuildFile; fileRef = BE27A8E31D849E230094D1F2 /* NTENote.m */; };
		BE27A8E81D84A0540094D1F2 /* AutolayoutHelper.m in Sources */ = {isa = PBXBuildFile; fileRef = BE27A8E71D84A0540094D1F2 /* AutolayoutHelper.m */; };
		BE27A8EB1D84A0590094D1F2 /* LinearLayout.m in Sources */ = {isa = PBXBuildFile; fileRef = BE27A8EA1D84A0590094D1F2 /* LinearLayout.m */; };
		BE27A8EE1D84A59F0094D1F2 /* html_template.mustache in Resources */ = {isa = PBXBuildFile; fileRef = BE27A8ED1D84A59F0094D1F2 /* html_template.mustache */; };
		BED301981D84979100FC27AF /* main.m in Sources */ = {isa = PBXBuildFile; fileRef = BED301971D84979100FC27AF /* main.m */; };
		BED3019B1D84979100FC27AF /* AppDelegate.m in Sources */ = {isa = PBXBuildFile; fileRef = BED3019A1D84979100FC27AF /* AppDelegate.m */; };
		BED301A31D84979100FC27AF /* Assets.xcassets in Resources */ = {isa = PBXBuildFile; fileRef = BED301A21D84979100FC27AF /* Assets.xcassets */; };
		BED301A61D84979100FC27AF /* LaunchScreen.storyboard in Resources */ = {isa = PBXBuildFile; fileRef = BED301A41D84979100FC27AF /* LaunchScreen.storyboard */; };
		BED426AC1D84BC1F0092C711 /* Andrew.md in Sources */ = {isa = PBXBuildFile; fileRef = BED426AB1D84BC1F0092C711 /* Andrew.md */; };
		BED426AD1D84BDD20092C711 /* Andrew.md in Resources */ = {isa = PBXBuildFile; fileRef = BED426AB1D84BC1F0092C711 /* Andrew.md */; };
		BED426B01D84E7390092C711 /* NTESocketManager.m in Sources */ = {isa = PBXBuildFile; fileRef = BED426AF1D84E7390092C711 /* NTESocketManager.m */; };
		BED426B31D84EA140092C711 /* NTEQRCodeScannerViewController.m in Sources */ = {isa = PBXBuildFile; fileRef = BED426B21D84EA140092C711 /* NTEQRCodeScannerViewController.m */; };
		BED426B61D850C140092C711 /* NTEImageStoreController.m in Sources */ = {isa = PBXBuildFile; fileRef = BED426B51D850C140092C711 /* NTEImageStoreController.m */; };
		CCA82B43D63C674FD53D5AF6 /* Pods_PennAppsXIV.framework in Frameworks */ = {isa = PBXBuildFile; fileRef = 6B3169F9DB5904EEC8C9F958 /* Pods_PennAppsXIV.framework */; };
/* End PBXBuildFile section */

/* Begin PBXFileReference section */
		4CC8C478C017BC0CC9D90D62 /* Pods-PennAppsXIV.debug.xcconfig */ = {isa = PBXFileReference; includeInIndex = 1; lastKnownFileType = text.xcconfig; name = "Pods-PennAppsXIV.debug.xcconfig"; path = "Pods/Target Support Files/Pods-PennAppsXIV/Pods-PennAppsXIV.debug.xcconfig"; sourceTree = "<group>"; };
		6B3169F9DB5904EEC8C9F958 /* Pods_PennAppsXIV.framework */ = {isa = PBXFileReference; explicitFileType = wrapper.framework; includeInIndex = 0; path = Pods_PennAppsXIV.framework; sourceTree = BUILT_PRODUCTS_DIR; };
		BE27A8DA1D849BE50094D1F2 /* NTEDisplayViewController.h */ = {isa = PBXFileReference; fileEncoding = 4; lastKnownFileType = sourcecode.c.h; path = NTEDisplayViewController.h; sourceTree = "<group>"; };
		BE27A8DB1D849BE50094D1F2 /* NTEDisplayViewController.m */ = {isa = PBXFileReference; fileEncoding = 4; lastKnownFileType = sourcecode.c.objc; path = NTEDisplayViewController.m; sourceTree = "<group>"; };
		BE27A8DE1D849C990094D1F2 /* NTEMarkdownRenderController.h */ = {isa = PBXFileReference; fileEncoding = 4; lastKnownFileType = sourcecode.c.h; path = NTEMarkdownRenderController.h; sourceTree = "<group>"; };
		BE27A8DF1D849C990094D1F2 /* NTEMarkdownRenderController.m */ = {isa = PBXFileReference; fileEncoding = 4; lastKnownFileType = sourcecode.c.objc; path = NTEMarkdownRenderController.m; sourceTree = "<group>"; };
		BE27A8E21D849E230094D1F2 /* NTENote.h */ = {isa = PBXFileReference; fileEncoding = 4; lastKnownFileType = sourcecode.c.h; path = NTENote.h; sourceTree = "<group>"; };
		BE27A8E31D849E230094D1F2 /* NTENote.m */ = {isa = PBXFileReference; fileEncoding = 4; lastKnownFileType = sourcecode.c.objc; path = NTENote.m; sourceTree = "<group>"; };
		BE27A8E61D84A0540094D1F2 /* AutolayoutHelper.h */ = {isa = PBXFileReference; fileEncoding = 4; lastKnownFileType = sourcecode.c.h; path = AutolayoutHelper.h; sourceTree = "<group>"; };
		BE27A8E71D84A0540094D1F2 /* AutolayoutHelper.m */ = {isa = PBXFileReference; fileEncoding = 4; lastKnownFileType = sourcecode.c.objc; path = AutolayoutHelper.m; sourceTree = "<group>"; };
		BE27A8E91D84A0590094D1F2 /* LinearLayout.h */ = {isa = PBXFileReference; fileEncoding = 4; lastKnownFileType = sourcecode.c.h; path = LinearLayout.h; sourceTree = "<group>"; };
		BE27A8EA1D84A0590094D1F2 /* LinearLayout.m */ = {isa = PBXFileReference; fileEncoding = 4; lastKnownFileType = sourcecode.c.objc; path = LinearLayout.m; sourceTree = "<group>"; };
		BE27A8ED1D84A59F0094D1F2 /* html_template.mustache */ = {isa = PBXFileReference; fileEncoding = 4; lastKnownFileType = text; path = html_template.mustache; sourceTree = "<group>"; };
		BED301931D84979100FC27AF /* PennAppsXIV.app */ = {isa = PBXFileReference; explicitFileType = wrapper.application; includeInIndex = 0; path = PennAppsXIV.app; sourceTree = BUILT_PRODUCTS_DIR; };
		BED301971D84979100FC27AF /* main.m */ = {isa = PBXFileReference; lastKnownFileType = sourcecode.c.objc; path = main.m; sourceTree = "<group>"; };
		BED301991D84979100FC27AF /* AppDelegate.h */ = {isa = PBXFileReference; lastKnownFileType = sourcecode.c.h; path = AppDelegate.h; sourceTree = "<group>"; };
		BED3019A1D84979100FC27AF /* AppDelegate.m */ = {isa = PBXFileReference; lastKnownFileType = sourcecode.c.objc; path = AppDelegate.m; sourceTree = "<group>"; };
		BED301A21D84979100FC27AF /* Assets.xcassets */ = {isa = PBXFileReference; lastKnownFileType = folder.assetcatalog; path = Assets.xcassets; sourceTree = "<group>"; };
		BED301A51D84979100FC27AF /* Base */ = {isa = PBXFileReference; lastKnownFileType = file.storyboard; name = Base; path = Base.lproj/LaunchScreen.storyboard; sourceTree = "<group>"; };
		BED301A71D84979100FC27AF /* Info.plist */ = {isa = PBXFileReference; lastKnownFileType = text.plist.xml; path = Info.plist; sourceTree = "<group>"; };
		BED426AB1D84BC1F0092C711 /* Andrew.md */ = {isa = PBXFileReference; fileEncoding = 4; lastKnownFileType = net.daringfireball.markdown; path = Andrew.md; sourceTree = "<group>"; };
		BED426AE1D84E7390092C711 /* NTESocketManager.h */ = {isa = PBXFileReference; fileEncoding = 4; lastKnownFileType = sourcecode.c.h; path = NTESocketManager.h; sourceTree = "<group>"; };
		BED426AF1D84E7390092C711 /* NTESocketManager.m */ = {isa = PBXFileReference; fileEncoding = 4; lastKnownFileType = sourcecode.c.objc; path = NTESocketManager.m; sourceTree = "<group>"; };
		BED426B11D84EA140092C711 /* NTEQRCodeScannerViewController.h */ = {isa = PBXFileReference; fileEncoding = 4; lastKnownFileType = sourcecode.c.h; path = NTEQRCodeScannerViewController.h; sourceTree = "<group>"; };
		BED426B21D84EA140092C711 /* NTEQRCodeScannerViewController.m */ = {isa = PBXFileReference; fileEncoding = 4; lastKnownFileType = sourcecode.c.objc; path = NTEQRCodeScannerViewController.m; sourceTree = "<group>"; };
		BED426B41D850C140092C711 /* NTEImageStoreController.h */ = {isa = PBXFileReference; fileEncoding = 4; lastKnownFileType = sourcecode.c.h; path = NTEImageStoreController.h; sourceTree = "<group>"; };
		BED426B51D850C140092C711 /* NTEImageStoreController.m */ = {isa = PBXFileReference; fileEncoding = 4; lastKnownFileType = sourcecode.c.objc; path = NTEImageStoreController.m; sourceTree = "<group>"; };
		D7BB5CCB5EDBFD3E53CDEA6C /* Pods-PennAppsXIV.release.xcconfig */ = {isa = PBXFileReference; includeInIndex = 1; lastKnownFileType = text.xcconfig; name = "Pods-PennAppsXIV.release.xcconfig"; path = "Pods/Target Support Files/Pods-PennAppsXIV/Pods-PennAppsXIV.release.xcconfig"; sourceTree = "<group>"; };
/* End PBXFileReference section */

/* Begin PBXFrameworksBuildPhase section */
		BED301901D84979100FC27AF /* Frameworks */ = {
			isa = PBXFrameworksBuildPhase;
			buildActionMask = 2147483647;
			files = (
				CCA82B43D63C674FD53D5AF6 /* Pods_PennAppsXIV.framework in Frameworks */,
			);
			runOnlyForDeploymentPostprocessing = 0;
		};
/* End PBXFrameworksBuildPhase section */

/* Begin PBXGroup section */
		3C8B54A15419958C2140DBA6 /* Pods */ = {
			isa = PBXGroup;
			children = (
				4CC8C478C017BC0CC9D90D62 /* Pods-PennAppsXIV.debug.xcconfig */,
				D7BB5CCB5EDBFD3E53CDEA6C /* Pods-PennAppsXIV.release.xcconfig */,
			);
			name = Pods;
			sourceTree = "<group>";
		};
		61C78496CA0407AE0D57E0EC /* Frameworks */ = {
			isa = PBXGroup;
			children = (
				6B3169F9DB5904EEC8C9F958 /* Pods_PennAppsXIV.framework */,
			);
			name = Frameworks;
			sourceTree = "<group>";
		};
		BE27A8DD1D849BEB0094D1F2 /* View Controller */ = {
			isa = PBXGroup;
			children = (
				BED426B11D84EA140092C711 /* NTEQRCodeScannerViewController.h */,
				BED426B21D84EA140092C711 /* NTEQRCodeScannerViewController.m */,
				BE27A8DA1D849BE50094D1F2 /* NTEDisplayViewController.h */,
				BE27A8DB1D849BE50094D1F2 /* NTEDisplayViewController.m */,
			);
			name = "View Controller";
			sourceTree = "<group>";
		};
		BE27A8E11D849CA40094D1F2 /* Data Handler */ = {
			isa = PBXGroup;
			children = (
				BED426B41D850C140092C711 /* NTEImageStoreController.h */,
				BED426B51D850C140092C711 /* NTEImageStoreController.m */,
				BED426AE1D84E7390092C711 /* NTESocketManager.h */,
				BED426AF1D84E7390092C711 /* NTESocketManager.m */,
				BE27A8DE1D849C990094D1F2 /* NTEMarkdownRenderController.h */,
				BE27A8DF1D849C990094D1F2 /* NTEMarkdownRenderController.m */,
			);
			name = "Data Handler";
			sourceTree = "<group>";
		};
		BE27A8E51D849E260094D1F2 /* Model Objects */ = {
			isa = PBXGroup;
			children = (
				BE27A8E21D849E230094D1F2 /* NTENote.h */,
				BE27A8E31D849E230094D1F2 /* NTENote.m */,
			);
			name = "Model Objects";
			sourceTree = "<group>";
		};
		BE27A8EC1D84A05D0094D1F2 /* AutolayoutHelper */ = {
			isa = PBXGroup;
			children = (
				BE27A8E61D84A0540094D1F2 /* AutolayoutHelper.h */,
				BE27A8E71D84A0540094D1F2 /* AutolayoutHelper.m */,
				BE27A8E91D84A0590094D1F2 /* LinearLayout.h */,
				BE27A8EA1D84A0590094D1F2 /* LinearLayout.m */,
			);
			name = AutolayoutHelper;
			sourceTree = "<group>";
		};
		BED3018A1D84979100FC27AF = {
			isa = PBXGroup;
			children = (
				BED301951D84979100FC27AF /* PennAppsXIV */,
				BED301941D84979100FC27AF /* Products */,
				3C8B54A15419958C2140DBA6 /* Pods */,
				61C78496CA0407AE0D57E0EC /* Frameworks */,
			);
			sourceTree = "<group>";
		};
		BED301941D84979100FC27AF /* Products */ = {
			isa = PBXGroup;
			children = (
				BED301931D84979100FC27AF /* PennAppsXIV.app */,
			);
			name = Products;
			sourceTree = "<group>";
		};
		BED301951D84979100FC27AF /* PennAppsXIV */ = {
			isa = PBXGroup;
			children = (
				BED301991D84979100FC27AF /* AppDelegate.h */,
				BED3019A1D84979100FC27AF /* AppDelegate.m */,
				BE27A8EC1D84A05D0094D1F2 /* AutolayoutHelper */,
				BE27A8E11D849CA40094D1F2 /* Data Handler */,
				BE27A8E51D849E260094D1F2 /* Model Objects */,
				BE27A8DD1D849BEB0094D1F2 /* View Controller */,
				BED301A41D84979100FC27AF /* LaunchScreen.storyboard */,
				BED301A21D84979100FC27AF /* Assets.xcassets */,
				BED301A71D84979100FC27AF /* Info.plist */,
				BED301961D84979100FC27AF /* Supporting Files */,
			);
			path = PennAppsXIV;
			sourceTree = "<group>";
		};
		BED301961D84979100FC27AF /* Supporting Files */ = {
			isa = PBXGroup;
			children = (
				BED426AB1D84BC1F0092C711 /* Andrew.md */,
				BE27A8ED1D84A59F0094D1F2 /* html_template.mustache */,
				BED301971D84979100FC27AF /* main.m */,
			);
			name = "Supporting Files";
			sourceTree = "<group>";
		};
/* End PBXGroup section */

/* Begin PBXNativeTarget section */
		BED301921D84979100FC27AF /* PennAppsXIV */ = {
			isa = PBXNativeTarget;
			buildConfigurationList = BED301AA1D84979100FC27AF /* Build configuration list for PBXNativeTarget "PennAppsXIV" */;
			buildPhases = (
				F89318B2019DD19D9C4ECB6A /* [CP] Check Pods Manifest.lock */,
				BED3018F1D84979100FC27AF /* Sources */,
				BED301901D84979100FC27AF /* Frameworks */,
				BED301911D84979100FC27AF /* Resources */,
				B948F15D7F86C5C8726F1A83 /* [CP] Embed Pods Frameworks */,
				B53B5052FA5FDCE8A990BB99 /* [CP] Copy Pods Resources */,
			);
			buildRules = (
			);
			dependencies = (
			);
			name = PennAppsXIV;
			productName = PennAppsXIV;
			productReference = BED301931D84979100FC27AF /* PennAppsXIV.app */;
			productType = "com.apple.product-type.application";
		};
/* End PBXNativeTarget section */

/* Begin PBXProject section */
		BED3018B1D84979100FC27AF /* Project object */ = {
			isa = PBXProject;
			attributes = {
				LastUpgradeCheck = 0800;
				ORGANIZATIONNAME = "Jason Scharff";
				TargetAttributes = {
					BED301921D84979100FC27AF = {
						CreatedOnToolsVersion = 8.0;
						DevelopmentTeam = 3R5J785EXT;
						LastSwiftMigration = 0800;
						ProvisioningStyle = Automatic;
					};
				};
			};
			buildConfigurationList = BED3018E1D84979100FC27AF /* Build configuration list for PBXProject "PennAppsXIV" */;
			compatibilityVersion = "Xcode 3.2";
			developmentRegion = English;
			hasScannedForEncodings = 0;
			knownRegions = (
				en,
				Base,
			);
			mainGroup = BED3018A1D84979100FC27AF;
			productRefGroup = BED301941D84979100FC27AF /* Products */;
			projectDirPath = "";
			projectRoot = "";
			targets = (
				BED301921D84979100FC27AF /* PennAppsXIV */,
			);
		};
/* End PBXProject section */

/* Begin PBXResourcesBuildPhase section */
		BED301911D84979100FC27AF /* Resources */ = {
			isa = PBXResourcesBuildPhase;
			buildActionMask = 2147483647;
			files = (
				BED426AD1D84BDD20092C711 /* Andrew.md in Resources */,
				BED301A61D84979100FC27AF /* LaunchScreen.storyboard in Resources */,
				BE27A8EE1D84A59F0094D1F2 /* html_template.mustache in Resources */,
				BED301A31D84979100FC27AF /* Assets.xcassets in Resources */,
			);
			runOnlyForDeploymentPostprocessing = 0;
		};
/* End PBXResourcesBuildPhase section */

/* Begin PBXShellScriptBuildPhase section */
		B53B5052FA5FDCE8A990BB99 /* [CP] Copy Pods Resources */ = {
			isa = PBXShellScriptBuildPhase;
			buildActionMask = 2147483647;
			files = (
			);
			inputPaths = (
			);
			name = "[CP] Copy Pods Resources";
			outputPaths = (
			);
			runOnlyForDeploymentPostprocessing = 0;
			shellPath = /bin/sh;
			shellScript = "\"${SRCROOT}/Pods/Target Support Files/Pods-PennAppsXIV/Pods-PennAppsXIV-resources.sh\"\n";
			showEnvVarsInLog = 0;
		};
		B948F15D7F86C5C8726F1A83 /* [CP] Embed Pods Frameworks */ = {
			isa = PBXShellScriptBuildPhase;
			buildActionMask = 2147483647;
			files = (
			);
			inputPaths = (
			);
			name = "[CP] Embed Pods Frameworks";
			outputPaths = (
			);
			runOnlyForDeploymentPostprocessing = 0;
			shellPath = /bin/sh;
			shellScript = "\"${SRCROOT}/Pods/Target Support Files/Pods-PennAppsXIV/Pods-PennAppsXIV-frameworks.sh\"\n";
			showEnvVarsInLog = 0;
		};
		F89318B2019DD19D9C4ECB6A /* [CP] Check Pods Manifest.lock */ = {
			isa = PBXShellScriptBuildPhase;
			buildActionMask = 2147483647;
			files = (
			);
			inputPaths = (
			);
			name = "[CP] Check Pods Manifest.lock";
			outputPaths = (
			);
			runOnlyForDeploymentPostprocessing = 0;
			shellPath = /bin/sh;
			shellScript = "diff \"${PODS_ROOT}/../Podfile.lock\" \"${PODS_ROOT}/Manifest.lock\" > /dev/null\nif [[ $? != 0 ]] ; then\n    cat << EOM\nerror: The sandbox is not in sync with the Podfile.lock. Run 'pod install' or update your CocoaPods installation.\nEOM\n    exit 1\nfi\n";
			showEnvVarsInLog = 0;
		};
/* End PBXShellScriptBuildPhase section */

/* Begin PBXSourcesBuildPhase section */
		BED3018F1D84979100FC27AF /* Sources */ = {
			isa = PBXSourcesBuildPhase;
			buildActionMask = 2147483647;
			files = (
				BED426B31D84EA140092C711 /* NTEQRCodeScannerViewController.m in Sources */,
				BE27A8E81D84A0540094D1F2 /* AutolayoutHelper.m in Sources */,
				BED426B01D84E7390092C711 /* NTESocketManager.m in Sources */,
				BED426AC1D84BC1F0092C711 /* Andrew.md in Sources */,
				BE27A8DC1D849BE50094D1F2 /* NTEDisplayViewController.m in Sources */,
				BED426B61D850C140092C711 /* NTEImageStoreController.m in Sources */,
				BED3019B1D84979100FC27AF /* AppDelegate.m in Sources */,
				BE27A8E01D849C990094D1F2 /* NTEMarkdownRenderController.m in Sources */,
				BE27A8E41D849E230094D1F2 /* NTENote.m in Sources */,
				BED301981D84979100FC27AF /* main.m in Sources */,
				BE27A8EB1D84A0590094D1F2 /* LinearLayout.m in Sources */,
			);
			runOnlyForDeploymentPostprocessing = 0;
		};
/* End PBXSourcesBuildPhase section */

/* Begin PBXVariantGroup section */
		BED301A41D84979100FC27AF /* LaunchScreen.storyboard */ = {
			isa = PBXVariantGroup;
			children = (
				BED301A51D84979100FC27AF /* Base */,
			);
			name = LaunchScreen.storyboard;
			sourceTree = "<group>";
		};
/* End PBXVariantGroup section */

/* Begin XCBuildConfiguration section */
		BED301A81D84979100FC27AF /* Debug */ = {
			isa = XCBuildConfiguration;
			buildSettings = {
				ALWAYS_SEARCH_USER_PATHS = NO;
				CLANG_ANALYZER_NONNULL = YES;
				CLANG_CXX_LANGUAGE_STANDARD = "gnu++0x";
				CLANG_CXX_LIBRARY = "libc++";
				CLANG_ENABLE_MODULES = YES;
				CLANG_ENABLE_OBJC_ARC = YES;
				CLANG_WARN_BOOL_CONVERSION = YES;
				CLANG_WARN_CONSTANT_CONVERSION = YES;
				CLANG_WARN_DIRECT_OBJC_ISA_USAGE = YES_ERROR;
				CLANG_WARN_DOCUMENTATION_COMMENTS = YES;
				CLANG_WARN_EMPTY_BODY = YES;
				CLANG_WARN_ENUM_CONVERSION = YES;
				CLANG_WARN_INFINITE_RECURSION = YES;
				CLANG_WARN_INT_CONVERSION = YES;
				CLANG_WARN_OBJC_ROOT_CLASS = YES_ERROR;
				CLANG_WARN_SUSPICIOUS_MOVES = YES;
				CLANG_WARN_UNREACHABLE_CODE = YES;
				CLANG_WARN__DUPLICATE_METHOD_MATCH = YES;
				"CODE_SIGN_IDENTITY[sdk=iphoneos*]" = "iPhone Developer";
				COPY_PHASE_STRIP = NO;
				DEBUG_INFORMATION_FORMAT = dwarf;
				ENABLE_STRICT_OBJC_MSGSEND = YES;
				ENABLE_TESTABILITY = YES;
				GCC_C_LANGUAGE_STANDARD = gnu99;
				GCC_DYNAMIC_NO_PIC = NO;
				GCC_NO_COMMON_BLOCKS = YES;
				GCC_OPTIMIZATION_LEVEL = 0;
				GCC_PREPROCESSOR_DEFINITIONS = (
					"DEBUG=1",
					"$(inherited)",
				);
				GCC_WARN_64_TO_32_BIT_CONVERSION = YES;
				GCC_WARN_ABOUT_RETURN_TYPE = YES_ERROR;
				GCC_WARN_UNDECLARED_SELECTOR = YES;
				GCC_WARN_UNINITIALIZED_AUTOS = YES_AGGRESSIVE;
				GCC_WARN_UNUSED_FUNCTION = YES;
				GCC_WARN_UNUSED_VARIABLE = YES;
				IPHONEOS_DEPLOYMENT_TARGET = 10.0;
				MTL_ENABLE_DEBUG_INFO = YES;
				ONLY_ACTIVE_ARCH = YES;
				SDKROOT = iphoneos;
			};
			name = Debug;
		};
		BED301A91D84979100FC27AF /* Release */ = {
			isa = XCBuildConfiguration;
			buildSettings = {
				ALWAYS_SEARCH_USER_PATHS = NO;
				CLANG_ANALYZER_NONNULL = YES;
				CLANG_CXX_LANGUAGE_STANDARD = "gnu++0x";
				CLANG_CXX_LIBRARY = "libc++";
				CLANG_ENABLE_MODULES = YES;
				CLANG_ENABLE_OBJC_ARC = YES;
				CLANG_WARN_BOOL_CONVERSION = YES;
				CLANG_WARN_CONSTANT_CONVERSION = YES;
				CLANG_WARN_DIRECT_OBJC_ISA_USAGE = YES_ERROR;
				CLANG_WARN_DOCUMENTATION_COMMENTS = YES;
				CLANG_WARN_EMPTY_BODY = YES;
				CLANG_WARN_ENUM_CONVERSION = YES;
				CLANG_WARN_INFINITE_RECURSION = YES;
				CLANG_WARN_INT_CONVERSION = YES;
				CLANG_WARN_OBJC_ROOT_CLASS = YES_ERROR;
				CLANG_WARN_SUSPICIOUS_MOVES = YES;
				CLANG_WARN_UNREACHABLE_CODE = YES;
				CLANG_WARN__DUPLICATE_METHOD_MATCH = YES;
				"CODE_SIGN_IDENTITY[sdk=iphoneos*]" = "iPhone Developer";
				COPY_PHASE_STRIP = NO;
				DEBUG_INFORMATION_FORMAT = "dwarf-with-dsym";
				ENABLE_NS_ASSERTIONS = NO;
				ENABLE_STRICT_OBJC_MSGSEND = YES;
				GCC_C_LANGUAGE_STANDARD = gnu99;
				GCC_NO_COMMON_BLOCKS = YES;
				GCC_WARN_64_TO_32_BIT_CONVERSION = YES;
				GCC_WARN_ABOUT_RETURN_TYPE = YES_ERROR;
				GCC_WARN_UNDECLARED_SELECTOR = YES;
				GCC_WARN_UNINITIALIZED_AUTOS = YES_AGGRESSIVE;
				GCC_WARN_UNUSED_FUNCTION = YES;
				GCC_WARN_UNUSED_VARIABLE = YES;
				IPHONEOS_DEPLOYMENT_TARGET = 10.0;
				MTL_ENABLE_DEBUG_INFO = NO;
				SDKROOT = iphoneos;
				VALIDATE_PRODUCT = YES;
			};
			name = Release;
		};
		BED301AB1D84979100FC27AF /* Debug */ = {
			isa = XCBuildConfiguration;
			baseConfigurationReference = 4CC8C478C017BC0CC9D90D62 /* Pods-PennAppsXIV.debug.xcconfig */;
			buildSettings = {
				ASSETCATALOG_COMPILER_APPICON_NAME = AppIcon;
				DEVELOPMENT_TEAM = 3R5J785EXT;
				INFOPLIST_FILE = PennAppsXIV/Info.plist;
				LD_RUNPATH_SEARCH_PATHS = "$(inherited) @executable_path/Frameworks";
				PRODUCT_BUNDLE_IDENTIFIER = com.jasonscharff.PennAppsXIV;
				PRODUCT_NAME = "$(TARGET_NAME)";
				SWIFT_VERSION = 3.0;
			};
			name = Debug;
		};
		BED301AC1D84979100FC27AF /* Release */ = {
			isa = XCBuildConfiguration;
			baseConfigurationReference = D7BB5CCB5EDBFD3E53CDEA6C /* Pods-PennAppsXIV.release.xcconfig */;
			buildSettings = {
				ASSETCATALOG_COMPILER_APPICON_NAME = AppIcon;
				DEVELOPMENT_TEAM = 3R5J785EXT;
				INFOPLIST_FILE = PennAppsXIV/Info.plist;
				LD_RUNPATH_SEARCH_PATHS = "$(inherited) @executable_path/Frameworks";
				PRODUCT_BUNDLE_IDENTIFIER = com.jasonscharff.PennAppsXIV;
				PRODUCT_NAME = "$(TARGET_NAME)";
				SWIFT_VERSION = 3.0;
			};
			name = Release;
		};
/* End XCBuildConfiguration section */

/* Begin XCConfigurationList section */
		BED3018E1D84979100FC27AF /* Build configuration list for PBXProject "PennAppsXIV" */ = {
			isa = XCConfigurationList;
			buildConfigurations = (
				BED301A81D84979100FC27AF /* Debug */,
				BED301A91D84979100FC27AF /* Release */,
			);
			defaultConfigurationIsVisible = 0;
			defaultConfigurationName = Release;
		};
		BED301AA1D84979100FC27AF /* Build configuration list for PBXNativeTarget "PennAppsXIV" */ = {
			isa = XCConfigurationList;
			buildConfigurations = (
				BED301AB1D84979100FC27AF /* Debug */,
				BED301AC1D84979100FC27AF /* Release */,
			);
			defaultConfigurationIsVisible = 0;
			defaultConfigurationName = Release;
		};
/* End XCConfigurationList section */
	};
	rootObject = BED3018B1D84979100FC27AF /* Project object */;
}
